
Microsoft Visual Studio Solution File, Format Version 12.00
# Visual Studio 15
VisualStudioVersion = 15.0.28307.329
MinimumVisualStudioVersion = 10.0.40219.1
Project("{2150E333-8FDC-42A3-9474-1A3956D46DE8}") = "Control", "Control", "{3800BF3F-AB5B-465B-B693-B54EC26E1255}"
EndProject
Project("{9A19103F-16F7-4668-BE54-9A1E7A4F7556}") = "Control.Web.Core", "Control\Control.Web.Core\Control.Web.Core.csproj", "{4527034D-C301-491E-924E-E7840F3E618B}"
EndProject
Project("{2150E333-8FDC-42A3-9474-1A3956D46DE8}") = "Base", "Base", "{7DCACEE4-5547-4916-B96D-323EB2FA4995}"
EndProject
Project("{2150E333-8FDC-42A3-9474-1A3956D46DE8}") = "Samples", "Samples", "{967BB46A-E60E-4B2E-B20C-2111C81DB264}"
EndProject
Project("{2150E333-8FDC-42A3-9474-1A3956D46DE8}") = "Epic", "Epic", "{41193A84-C7E8-4ED9-A58C-B9FA9D948658}"
EndProject
Project("{2150E333-8FDC-42A3-9474-1A3956D46DE8}") = "Forms", "Forms", "{5CCD3E86-EB5B-4B83-81D2-ACDA0EC56F46}"
EndProject
Project("{2150E333-8FDC-42A3-9474-1A3956D46DE8}") = "Shared", "Shared", "{843B1186-D5E2-416F-BEA4-01AE69C06D95}"
EndProject
Project("{FAE04EC0-301F-11D3-BF4B-00C04F79EFBC}") = "Tools", "Base\Shared\Tools\Tools.csproj", "{45C5836E-8BB0-460A-BA80-EC1C624095DE}"
EndProject
Project("{FAE04EC0-301F-11D3-BF4B-00C04F79EFBC}") = "ConsoleAppEpicTest", "Samples\Epic\ConsoleAppEpicTest\ConsoleAppEpicTest\ConsoleAppEpicTest.csproj", "{43A21674-FE6A-4838-92D7-AB3C114648B4}"
EndProject
Project("{FAE04EC0-301F-11D3-BF4B-00C04F79EFBC}") = "WebApplicationEpicTest", "Samples\Epic\WebApplicationEpicTest\WebApplicationEpicTest\WebApplicationEpicTest.csproj", "{3B191C4F-B8AD-45CC-8629-63AC1C1C9F92}"
EndProject
Project("{FAE04EC0-301F-11D3-BF4B-00C04F79EFBC}") = "SqlExecute", "Samples\Forms\SqlExecute\SqlExecute.csproj", "{51CA5146-1D2F-4E25-AD80-F82D71560162}"
EndProject
Global
	GlobalSection(SolutionConfigurationPlatforms) = preSolution
		Debug|Any CPU = Debug|Any CPU
		Release|Any CPU = Release|Any CPU
	EndGlobalSection
	GlobalSection(ProjectConfigurationPlatforms) = postSolution
		{4527034D-C301-491E-924E-E7840F3E618B}.Debug|Any CPU.ActiveCfg = Debug|Any CPU
		{4527034D-C301-491E-924E-E7840F3E618B}.Debug|Any CPU.Build.0 = Debug|Any CPU
		{4527034D-C301-491E-924E-E7840F3E618B}.Release|Any CPU.ActiveCfg = Release|Any CPU
		{4527034D-C301-491E-924E-E7840F3E618B}.Release|Any CPU.Build.0 = Release|Any CPU
		{45C5836E-8BB0-460A-BA80-EC1C624095DE}.Debug|Any CPU.ActiveCfg = Debug|Any CPU
		{45C5836E-8BB0-460A-BA80-EC1C624095DE}.Debug|Any CPU.Build.0 = Debug|Any CPU
		{45C5836E-8BB0-460A-BA80-EC1C624095DE}.Release|Any CPU.ActiveCfg = Release|Any CPU
		{45C5836E-8BB0-460A-BA80-EC1C624095DE}.Release|Any CPU.Build.0 = Release|Any CPU
		{43A21674-FE6A-4838-92D7-AB3C114648B4}.Debug|Any CPU.ActiveCfg = Debug|Any CPU
		{43A21674-FE6A-4838-92D7-AB3C114648B4}.Debug|Any CPU.Build.0 = Debug|Any CPU
		{43A21674-FE6A-4838-92D7-AB3C114648B4}.Release|Any CPU.ActiveCfg = Release|Any CPU
		{43A21674-FE6A-4838-92D7-AB3C114648B4}.Release|Any CPU.Build.0 = Release|Any CPU
		{3B191C4F-B8AD-45CC-8629-63AC1C1C9F92}.Debug|Any CPU.ActiveCfg = Debug|Any CPU
		{3B191C4F-B8AD-45CC-8629-63AC1C1C9F92}.Debug|Any CPU.Build.0 = Debug|Any CPU
		{3B191C4F-B8AD-45CC-8629-63AC1C1C9F92}.Release|Any CPU.ActiveCfg = Release|Any CPU
		{3B191C4F-B8AD-45CC-8629-63AC1C1C9F92}.Release|Any CPU.Build.0 = Release|Any CPU
		{51CA5146-1D2F-4E25-AD80-F82D71560162}.Debug|Any CPU.ActiveCfg = Debug|Any CPU
		{51CA5146-1D2F-4E25-AD80-F82D71560162}.Debug|Any CPU.Build.0 = Debug|Any CPU
		{51CA5146-1D2F-4E25-AD80-F82D71560162}.Release|Any CPU.ActiveCfg = Release|Any CPU
		{51CA5146-1D2F-4E25-AD80-F82D71560162}.Release|Any CPU.Build.0 = Release|Any CPU
	EndGlobalSection
	GlobalSection(SolutionProperties) = preSolution
		HideSolutionNode = FALSE
	EndGlobalSection
	GlobalSection(NestedProjects) = preSolution
		{4527034D-C301-491E-924E-E7840F3E618B} = {3800BF3F-AB5B-465B-B693-B54EC26E1255}
		{41193A84-C7E8-4ED9-A58C-B9FA9D948658} = {967BB46A-E60E-4B2E-B20C-2111C81DB264}
		{5CCD3E86-EB5B-4B83-81D2-ACDA0EC56F46} = {967BB46A-E60E-4B2E-B20C-2111C81DB264}
		{843B1186-D5E2-416F-BEA4-01AE69C06D95} = {7DCACEE4-5547-4916-B96D-323EB2FA4995}
		{45C5836E-8BB0-460A-BA80-EC1C624095DE} = {843B1186-D5E2-416F-BEA4-01AE69C06D95}
		{43A21674-FE6A-4838-92D7-AB3C114648B4} = {41193A84-C7E8-4ED9-A58C-B9FA9D948658}
		{3B191C4F-B8AD-45CC-8629-63AC1C1C9F92} = {41193A84-C7E8-4ED9-A58C-B9FA9D948658}
		{51CA5146-1D2F-4E25-AD80-F82D71560162} = {5CCD3E86-EB5B-4B83-81D2-ACDA0EC56F46}
	EndGlobalSection
	GlobalSection(ExtensibilityGlobals) = postSolution
		SolutionGuid = {FAEE0C8D-B25E-4432-9FDA-A42D3AC5A3AF}
	EndGlobalSection
EndGlobal
