
Microsoft Visual Studio Solution File, Format Version 12.00
# Visual Studio 15
VisualStudioVersion = 15.0.28307.329
MinimumVisualStudioVersion = 10.0.40219.1
Project("{FAE04EC0-301F-11D3-BF4B-00C04F79EFBC}") = "BaseHelpers", "..\Base\BaseHelpers\BaseHelpers.csproj", "{FB858555-389D-4A51-9FB4-AD259DF54AED}"
EndProject
Project("{2150E333-8FDC-42A3-9474-1A3956D46DE8}") = "Tests", "Tests", "{D1D1FFB9-13E4-4DBE-A905-B7F91C29243B}"
EndProject
Project("{2150E333-8FDC-42A3-9474-1A3956D46DE8}") = "Epic", "Epic", "{3B79563E-3984-4797-ACB9-26D0E7FDDAA3}"
EndProject
Project("{FAE04EC0-301F-11D3-BF4B-00C04F79EFBC}") = "BaseForms", "..\Base\BaseForms\BaseForms.csproj", "{DD5ECDF0-A114-4B52-BF21-411B85B5EF5F}"
EndProject
Project("{FAE04EC0-301F-11D3-BF4B-00C04F79EFBC}") = "BaseControls", "..\Base\BaseControls\BaseControls.csproj", "{B20351C3-03FE-4B17-821E-A911D76B65B8}"
EndProject
Project("{2150E333-8FDC-42A3-9474-1A3956D46DE8}") = "PosControl", "PosControl", "{39CC6F10-F3D9-47C8-B899-69DF53A540F9}"
EndProject
Project("{FAE04EC0-301F-11D3-BF4B-00C04F79EFBC}") = "ConsoleAppEpicTest", "Epic\ConsoleAppEpicTest\ConsoleAppEpicTest\ConsoleAppEpicTest.csproj", "{43A21674-FE6A-4838-92D7-AB3C114648B4}"
EndProject
Project("{FAE04EC0-301F-11D3-BF4B-00C04F79EFBC}") = "SqlExecute", "Epic\SqlExecute\SqlExecute.csproj", "{51CA5146-1D2F-4E25-AD80-F82D71560162}"
EndProject
Project("{FAE04EC0-301F-11D3-BF4B-00C04F79EFBC}") = "WebApplicationEpicTest", "Epic\WebApplicationEpicTest\WebApplicationEpicTest\WebApplicationEpicTest.csproj", "{3B191C4F-B8AD-45CC-8629-63AC1C1C9F92}"
EndProject
Project("{9A19103F-16F7-4668-BE54-9A1E7A4F7556}") = "AngularPosControl", "Control\AngularPosControl\AngularPosControl.csproj", "{B9FA906C-D1F5-4933-84E2-69CBB759A361}"
EndProject
Project("{9A19103F-16F7-4668-BE54-9A1E7A4F7556}") = "ControlPos", "Control\ControlPos\ControlPos.csproj", "{AD55847E-FAF5-4F57-9658-B4FD181BC6A1}"
EndProject
Project("{9A19103F-16F7-4668-BE54-9A1E7A4F7556}") = "PosControlEmpty", "Control\PosControlEmpty\PosControlEmpty.csproj", "{4860E6CD-D41E-45A6-95CB-2B52BDEF1BC0}"
EndProject
Global
	GlobalSection(SolutionConfigurationPlatforms) = preSolution
		Debug|Any CPU = Debug|Any CPU
		Release|Any CPU = Release|Any CPU
	EndGlobalSection
	GlobalSection(ProjectConfigurationPlatforms) = postSolution
		{FB858555-389D-4A51-9FB4-AD259DF54AED}.Debug|Any CPU.ActiveCfg = Debug|Any CPU
		{FB858555-389D-4A51-9FB4-AD259DF54AED}.Debug|Any CPU.Build.0 = Debug|Any CPU
		{FB858555-389D-4A51-9FB4-AD259DF54AED}.Release|Any CPU.ActiveCfg = Release|Any CPU
		{FB858555-389D-4A51-9FB4-AD259DF54AED}.Release|Any CPU.Build.0 = Release|Any CPU
		{DD5ECDF0-A114-4B52-BF21-411B85B5EF5F}.Debug|Any CPU.ActiveCfg = Debug|Any CPU
		{DD5ECDF0-A114-4B52-BF21-411B85B5EF5F}.Debug|Any CPU.Build.0 = Debug|Any CPU
		{DD5ECDF0-A114-4B52-BF21-411B85B5EF5F}.Release|Any CPU.ActiveCfg = Release|Any CPU
		{DD5ECDF0-A114-4B52-BF21-411B85B5EF5F}.Release|Any CPU.Build.0 = Release|Any CPU
		{B20351C3-03FE-4B17-821E-A911D76B65B8}.Debug|Any CPU.ActiveCfg = Debug|Any CPU
		{B20351C3-03FE-4B17-821E-A911D76B65B8}.Debug|Any CPU.Build.0 = Debug|Any CPU
		{B20351C3-03FE-4B17-821E-A911D76B65B8}.Release|Any CPU.ActiveCfg = Release|Any CPU
		{B20351C3-03FE-4B17-821E-A911D76B65B8}.Release|Any CPU.Build.0 = Release|Any CPU
		{43A21674-FE6A-4838-92D7-AB3C114648B4}.Debug|Any CPU.ActiveCfg = Debug|Any CPU
		{43A21674-FE6A-4838-92D7-AB3C114648B4}.Debug|Any CPU.Build.0 = Debug|Any CPU
		{43A21674-FE6A-4838-92D7-AB3C114648B4}.Release|Any CPU.ActiveCfg = Release|Any CPU
		{43A21674-FE6A-4838-92D7-AB3C114648B4}.Release|Any CPU.Build.0 = Release|Any CPU
		{51CA5146-1D2F-4E25-AD80-F82D71560162}.Debug|Any CPU.ActiveCfg = Debug|Any CPU
		{51CA5146-1D2F-4E25-AD80-F82D71560162}.Debug|Any CPU.Build.0 = Debug|Any CPU
		{51CA5146-1D2F-4E25-AD80-F82D71560162}.Release|Any CPU.ActiveCfg = Release|Any CPU
		{51CA5146-1D2F-4E25-AD80-F82D71560162}.Release|Any CPU.Build.0 = Release|Any CPU
		{3B191C4F-B8AD-45CC-8629-63AC1C1C9F92}.Debug|Any CPU.ActiveCfg = Debug|Any CPU
		{3B191C4F-B8AD-45CC-8629-63AC1C1C9F92}.Debug|Any CPU.Build.0 = Debug|Any CPU
		{3B191C4F-B8AD-45CC-8629-63AC1C1C9F92}.Release|Any CPU.ActiveCfg = Release|Any CPU
		{3B191C4F-B8AD-45CC-8629-63AC1C1C9F92}.Release|Any CPU.Build.0 = Release|Any CPU
		{B9FA906C-D1F5-4933-84E2-69CBB759A361}.Debug|Any CPU.ActiveCfg = Debug|Any CPU
		{B9FA906C-D1F5-4933-84E2-69CBB759A361}.Debug|Any CPU.Build.0 = Debug|Any CPU
		{B9FA906C-D1F5-4933-84E2-69CBB759A361}.Release|Any CPU.ActiveCfg = Release|Any CPU
		{B9FA906C-D1F5-4933-84E2-69CBB759A361}.Release|Any CPU.Build.0 = Release|Any CPU
		{AD55847E-FAF5-4F57-9658-B4FD181BC6A1}.Debug|Any CPU.ActiveCfg = Debug|Any CPU
		{AD55847E-FAF5-4F57-9658-B4FD181BC6A1}.Debug|Any CPU.Build.0 = Debug|Any CPU
		{AD55847E-FAF5-4F57-9658-B4FD181BC6A1}.Release|Any CPU.ActiveCfg = Release|Any CPU
		{AD55847E-FAF5-4F57-9658-B4FD181BC6A1}.Release|Any CPU.Build.0 = Release|Any CPU
		{4860E6CD-D41E-45A6-95CB-2B52BDEF1BC0}.Debug|Any CPU.ActiveCfg = Debug|Any CPU
		{4860E6CD-D41E-45A6-95CB-2B52BDEF1BC0}.Debug|Any CPU.Build.0 = Debug|Any CPU
		{4860E6CD-D41E-45A6-95CB-2B52BDEF1BC0}.Release|Any CPU.ActiveCfg = Release|Any CPU
		{4860E6CD-D41E-45A6-95CB-2B52BDEF1BC0}.Release|Any CPU.Build.0 = Release|Any CPU
	EndGlobalSection
	GlobalSection(SolutionProperties) = preSolution
		HideSolutionNode = FALSE
	EndGlobalSection
	GlobalSection(NestedProjects) = preSolution
		{3B79563E-3984-4797-ACB9-26D0E7FDDAA3} = {D1D1FFB9-13E4-4DBE-A905-B7F91C29243B}
		{43A21674-FE6A-4838-92D7-AB3C114648B4} = {3B79563E-3984-4797-ACB9-26D0E7FDDAA3}
		{51CA5146-1D2F-4E25-AD80-F82D71560162} = {3B79563E-3984-4797-ACB9-26D0E7FDDAA3}
		{3B191C4F-B8AD-45CC-8629-63AC1C1C9F92} = {3B79563E-3984-4797-ACB9-26D0E7FDDAA3}
		{B9FA906C-D1F5-4933-84E2-69CBB759A361} = {39CC6F10-F3D9-47C8-B899-69DF53A540F9}
		{AD55847E-FAF5-4F57-9658-B4FD181BC6A1} = {39CC6F10-F3D9-47C8-B899-69DF53A540F9}
		{4860E6CD-D41E-45A6-95CB-2B52BDEF1BC0} = {39CC6F10-F3D9-47C8-B899-69DF53A540F9}
	EndGlobalSection
	GlobalSection(ExtensibilityGlobals) = postSolution
		SolutionGuid = {FAEE0C8D-B25E-4432-9FDA-A42D3AC5A3AF}
	EndGlobalSection
EndGlobal
